github.com/cohere-ai/cohere-go/v2 v2.8.1 h1:7+MCdXtz8onJLRmJik/cD5XGfgDNLhte4aW4dH6brJk=
github.com/cohere-ai/cohere-go/v2 v2.8.1/go.mod h1:dlDCT66i8BqZDuuskFvYzsrc+O0M4l5J9Ibckoflvt4=
github.com/google/uuid v1.4.0 h1:MtMxsa51/r9yyhkyLsVeVt0B+BGQZzpQiTQ4eHZ8bc4=
github.com/google/uuid v1.4.0/go.mod h1:TIyPZe4MgqvfeYDBFedMoGGpEw/LqOeaOT+nhxU+yHo=
